# This file is autogenerated, do not edit; changes may be undone by the next 'dep ensure'.


[[projects]]
  branch = "master"
  name = "github.com/bcampbell/fuzzytime"
  packages = ["."]
  revision = "6a03581b01a2b1647d35ccf849090b5036108e0c"

[[projects]]
  branch = "master"
  name = "github.com/jmoiron/sqlx"
  packages = [
    ".",
    "reflectx"
  ]
  revision = "cf35089a197953c69420c8d0cecda90809764b1d"

[[projects]]
  branch = "master"
  name = "github.com/lib/pq"
  packages = [
    ".",
    "oid"
  ]
  revision = "d34b9ff171c21ad295489235aec8b6626023cd04"

[[projects]]
  name = "github.com/sirupsen/logrus"
  packages = ["."]
  revision = "c155da19408a8799da419ed3eeb0cb5db0ad5dbc"
  version = "v1.0.5"

[[projects]]
  name = "github.com/technoweenie/multipartstreamer"
  packages = ["."]
  revision = "a90a01d73ae432e2611d178c18367fbaa13e0154"
  version = "v1.0.1"

[[projects]]
  branch = "master"
  name = "golang.org/x/crypto"
  packages = ["ssh/terminal"]
  revision = "88942b9c40a4c9d203b82b3731787b672d6e809b"

[[projects]]
  branch = "master"
  name = "golang.org/x/sys"
  packages = [
    "unix",
    "windows"
  ]
  revision = "13d03a9a82fba647c21a0ef8fba44a795d0f0835"

[[projects]]
  name = "gopkg.in/telegram-bot-api.v4"
  packages = ["."]
  revision = "2022d04b94f50056a09962b1ac81cdd821d20a55"
  version = "v4.6.1"

[solve-meta]
  analyzer-name = "dep"
  analyzer-version = 1
  inputs-digest = "78381b5fbab32fd27ef33bed09cdfe79c348bc4e2beef0a819e9dfc48be2dd66"
  solver-name = "gps-cdcl"
  solver-version = 1
